
Microsoft Visual Studio Solution File, Format Version 12.00
# Visual Studio 15
VisualStudioVersion = 15.0.26730.16
MinimumVisualStudioVersion = 10.0.40219.1
Project("{FAE04EC0-301F-11D3-BF4B-00C04F79EFBC}") = "PerformanceLibrary", "PerformanceLibrary\PerformanceLibrary.csproj", "{C686DFE5-81B3-41B5-AFC9-FB36109ED553}"
EndProject
Project("{FAE04EC0-301F-11D3-BF4B-00C04F79EFBC}") = "WebAndLoadTestProject", "WebAndLoadTestProject\WebAndLoadTestProject.csproj", "{FF97F753-3F43-4EF1-B2EA-973758846439}"
EndProject
Project("{2150E333-8FDC-42A3-9474-1A3956D46DE8}") = "Solution Items", "Solution Items", "{1DB33358-A0BB-424F-BC18-10641790A5CE}"
	ProjectSection(SolutionItems) = preProject
		Local.testsettings = Local.testsettings
	EndProjectSection
EndProject
Global
	GlobalSection(SolutionConfigurationPlatforms) = preSolution
		Debug|Any CPU = Debug|Any CPU
		Release|Any CPU = Release|Any CPU
	EndGlobalSection
	GlobalSection(ProjectConfigurationPlatforms) = postSolution
		{C686DFE5-81B3-41B5-AFC9-FB36109ED553}.Debug|Any CPU.ActiveCfg = Debug|Any CPU
		{C686DFE5-81B3-41B5-AFC9-FB36109ED553}.Debug|Any CPU.Build.0 = Debug|Any CPU
		{C686DFE5-81B3-41B5-AFC9-FB36109ED553}.Release|Any CPU.ActiveCfg = Release|Any CPU
		{C686DFE5-81B3-41B5-AFC9-FB36109ED553}.Release|Any CPU.Build.0 = Release|Any CPU
		{FF97F753-3F43-4EF1-B2EA-973758846439}.Debug|Any CPU.ActiveCfg = Debug|Any CPU
		{FF97F753-3F43-4EF1-B2EA-973758846439}.Debug|Any CPU.Build.0 = Debug|Any CPU
		{FF97F753-3F43-4EF1-B2EA-973758846439}.Release|Any CPU.ActiveCfg = Release|Any CPU
		{FF97F753-3F43-4EF1-B2EA-973758846439}.Release|Any CPU.Build.0 = Release|Any CPU
	EndGlobalSection
	GlobalSection(SolutionProperties) = preSolution
		HideSolutionNode = FALSE
	EndGlobalSection
	GlobalSection(ExtensibilityGlobals) = postSolution
		SolutionGuid = {6FF92E2B-3D31-4FEC-B6AB-06166FCECE9D}
	EndGlobalSection
EndGlobal
